// !$*UTF8*$!
{
	archiveVersion = 1;
	classes = {
	};
	objectVersion = 50;
	objects = {

/* Begin PBXBuildFile section */
		7429E38A22CA500000BCAC11 /* AppDelegate.swift in Sources */ = {isa = PBXBuildFile; fileRef = 7429E38922CA500000BCAC11 /* AppDelegate.swift */; };
		7429E38C22CA500000BCAC11 /* ViewController.swift in Sources */ = {isa = PBXBuildFile; fileRef = 7429E38B22CA500000BCAC11 /* ViewController.swift */; };
		7429E38F22CA500000BCAC11 /* Main.storyboard in Resources */ = {isa = PBXBuildFile; fileRef = 7429E38D22CA500000BCAC11 /* Main.storyboard */; };
		7429E39222CA500000BCAC11 /* TestWeatherV3.xcdatamodeld in Sources */ = {isa = PBXBuildFile; fileRef = 7429E39022CA500000BCAC11 /* TestWeatherV3.xcdatamodeld */; };
		7429E39422CA500200BCAC11 /* Assets.xcassets in Resources */ = {isa = PBXBuildFile; fileRef = 7429E39322CA500200BCAC11 /* Assets.xcassets */; };
		7429E39722CA500200BCAC11 /* LaunchScreen.storyboard in Resources */ = {isa = PBXBuildFile; fileRef = 7429E39522CA500200BCAC11 /* LaunchScreen.storyboard */; };
		7429E3A222CA500300BCAC11 /* TestWeatherV3Tests.swift in Sources */ = {isa = PBXBuildFile; fileRef = 7429E3A122CA500300BCAC11 /* TestWeatherV3Tests.swift */; };
		7429E3AD22CA500300BCAC11 /* TestWeatherV3UITests.swift in Sources */ = {isa = PBXBuildFile; fileRef = 7429E3AC22CA500300BCAC11 /* TestWeatherV3UITests.swift */; };
/* End PBXBuildFile section */

/* Begin PBXContainerItemProxy section */
		7429E39E22CA500300BCAC11 /* PBXContainerItemProxy */ = {
			isa = PBXContainerItemProxy;
			containerPortal = 7429E37E22CA500000BCAC11 /* Project object */;
			proxyType = 1;
			remoteGlobalIDString = 7429E38522CA500000BCAC11;
			remoteInfo = TestWeatherV3;
		};
		7429E3A922CA500300BCAC11 /* PBXContainerItemProxy */ = {
			isa = PBXContainerItemProxy;
			containerPortal = 7429E37E22CA500000BCAC11 /* Project object */;
			proxyType = 1;
			remoteGlobalIDString = 7429E38522CA500000BCAC11;
			remoteInfo = TestWeatherV3;
		};
/* End PBXContainerItemProxy section */

/* Begin PBXFileReference section */
		7429E38622CA500000BCAC11 /* TestWeatherV3.app */ = {isa = PBXFileReference; explicitFileType = wrapper.application; includeInIndex = 0; path = TestWeatherV3.app; sourceTree = BUILT_PRODUCTS_DIR; };
		7429E38922CA500000BCAC11 /* AppDelegate.swift */ = {isa = PBXFileReference; lastKnownFileType = sourcecode.swift; path = AppDelegate.swift; sourceTree = "<group>"; };
		7429E38B22CA500000BCAC11 /* ViewController.swift */ = {isa = PBXFileReference; lastKnownFileType = sourcecode.swift; path = ViewController.swift; sourceTree = "<group>"; };
		7429E38E22CA500000BCAC11 /* Base */ = {isa = PBXFileReference; lastKnownFileType = file.storyboard; name = Base; path = Base.lproj/Main.storyboard; sourceTree = "<group>"; };
		7429E39122CA500000BCAC11 /* TestWeatherV3.xcdatamodel */ = {isa = PBXFileReference; lastKnownFileType = wrapper.xcdatamodel; path = TestWeatherV3.xcdatamodel; sourceTree = "<group>"; };
		7429E39322CA500200BCAC11 /* Assets.xcassets */ = {isa = PBXFileReference; lastKnownFileType = folder.assetcatalog; path = Assets.xcassets; sourceTree = "<group>"; };
		7429E39622CA500200BCAC11 /* Base */ = {isa = PBXFileReference; lastKnownFileType = file.storyboard; name = Base; path = Base.lproj/LaunchScreen.storyboard; sourceTree = "<group>"; };
		7429E39822CA500200BCAC11 /* Info.plist */ = {isa = PBXFileReference; lastKnownFileType = text.plist.xml; path = Info.plist; sourceTree = "<group>"; };
		7429E39D22CA500300BCAC11 /* TestWeatherV3Tests.xctest */ = {isa = PBXFileReference; explicitFileType = wrapper.cfbundle; includeInIndex = 0; path = TestWeatherV3Tests.xctest; sourceTree = BUILT_PRODUCTS_DIR; };
		7429E3A122CA500300BCAC11 /* TestWeatherV3Tests.swift */ = {isa = PBXFileReference; lastKnownFileType = sourcecode.swift; path = TestWeatherV3Tests.swift; sourceTree = "<group>"; };
		7429E3A322CA500300BCAC11 /* Info.plist */ = {isa = PBXFileReference; lastKnownFileType = text.plist.xml; path = Info.plist; sourceTree = "<group>"; };
		7429E3A822CA500300BCAC11 /* TestWeatherV3UITests.xctest */ = {isa = PBXFileReference; explicitFileType = wrapper.cfbundle; includeInIndex = 0; path = TestWeatherV3UITests.xctest; sourceTree = BUILT_PRODUCTS_DIR; };
		7429E3AC22CA500300BCAC11 /* TestWeatherV3UITests.swift */ = {isa = PBXFileReference; lastKnownFileType = sourcecode.swift; path = TestWeatherV3UITests.swift; sourceTree = "<group>"; };
		7429E3AE22CA500300BCAC11 /* Info.plist */ = {isa = PBXFileReference; lastKnownFileType = text.plist.xml; path = Info.plist; sourceTree = "<group>"; };
/* End PBXFileReference section */

/* Begin PBXFrameworksBuildPhase section */
		7429E38322CA500000BCAC11 /* Frameworks */ = {
			isa = PBXFrameworksBuildPhase;
			buildActionMask = 2147483647;
			files = (
			);
			runOnlyForDeploymentPostprocessing = 0;
		};
		7429E39A22CA500300BCAC11 /* Frameworks */ = {
			isa = PBXFrameworksBuildPhase;
			buildActionMask = 2147483647;
			files = (
			);
			runOnlyForDeploymentPostprocessing = 0;
		};
		7429E3A522CA500300BCAC11 /* Frameworks */ = {
			isa = PBXFrameworksBuildPhase;
			buildActionMask = 2147483647;
			files = (
			);
			runOnlyForDeploymentPostprocessing = 0;
		};
/* End PBXFrameworksBuildPhase section */

/* Begin PBXGroup section */
		7429E37D22CA500000BCAC11 = {
			isa = PBXGroup;
			children = (
				7429E38822CA500000BCAC11 /* TestWeatherV3 */,
				7429E3A022CA500300BCAC11 /* TestWeatherV3Tests */,
				7429E3AB22CA500300BCAC11 /* TestWeatherV3UITests */,
				7429E38722CA500000BCAC11 /* Products */,
			);
			sourceTree = "<group>";
		};
		7429E38722CA500000BCAC11 /* Products */ = {
			isa = PBXGroup;
			children = (
				7429E38622CA500000BCAC11 /* TestWeatherV3.app */,
				7429E39D22CA500300BCAC11 /* TestWeatherV3Tests.xctest */,
				7429E3A822CA500300BCAC11 /* TestWeatherV3UITests.xctest */,
			);
			name = Products;
			sourceTree = "<group>";
		};
		7429E38822CA500000BCAC11 /* TestWeatherV3 */ = {
			isa = PBXGroup;
			children = (
				7429E38922CA500000BCAC11 /* AppDelegate.swift */,
				7429E38B22CA500000BCAC11 /* ViewController.swift */,
				7429E38D22CA500000BCAC11 /* Main.storyboard */,
				7429E39322CA500200BCAC11 /* Assets.xcassets */,
				7429E39522CA500200BCAC11 /* LaunchScreen.storyboard */,
				7429E39822CA500200BCAC11 /* Info.plist */,
				7429E39022CA500000BCAC11 /* TestWeatherV3.xcdatamodeld */,
			);
			path = TestWeatherV3;
			sourceTree = "<group>";
		};
		7429E3A022CA500300BCAC11 /* TestWeatherV3Tests */ = {
			isa = PBXGroup;
			children = (
				7429E3A122CA500300BCAC11 /* TestWeatherV3Tests.swift */,
				7429E3A322CA500300BCAC11 /* Info.plist */,
			);
			path = TestWeatherV3Tests;
			sourceTree = "<group>";
		};
		7429E3AB22CA500300BCAC11 /* TestWeatherV3UITests */ = {
			isa = PBXGroup;
			children = (
				7429E3AC22CA500300BCAC11 /* TestWeatherV3UITests.swift */,
				7429E3AE22CA500300BCAC11 /* Info.plist */,
			);
			path = TestWeatherV3UITests;
			sourceTree = "<group>";
		};
/* End PBXGroup section */

/* Begin PBXNativeTarget section */
		7429E38522CA500000BCAC11 /* TestWeatherV3 */ = {
			isa = PBXNativeTarget;
			buildConfigurationList = 7429E3B122CA500300BCAC11 /* Build configuration list for PBXNativeTarget "TestWeatherV3" */;
			buildPhases = (
				7429E38222CA500000BCAC11 /* Sources */,
				7429E38322CA500000BCAC11 /* Frameworks */,
				7429E38422CA500000BCAC11 /* Resources */,
			);
			buildRules = (
			);
			dependencies = (
			);
			name = TestWeatherV3;
			productName = TestWeatherV3;
			productReference = 7429E38622CA500000BCAC11 /* TestWeatherV3.app */;
			productType = "com.apple.product-type.application";
		};
		7429E39C22CA500300BCAC11 /* TestWeatherV3Tests */ = {
			isa = PBXNativeTarget;
			buildConfigurationList = 7429E3B422CA500300BCAC11 /* Build configuration list for PBXNativeTarget "TestWeatherV3Tests" */;
			buildPhases = (
				7429E39922CA500300BCAC11 /* Sources */,
				7429E39A22CA500300BCAC11 /* Frameworks */,
				7429E39B22CA500300BCAC11 /* Resources */,
			);
			buildRules = (
			);
			dependencies = (
				7429E39F22CA500300BCAC11 /* PBXTargetDependency */,
			);
			name = TestWeatherV3Tests;
			productName = TestWeatherV3Tests;
			productReference = 7429E39D22CA500300BCAC11 /* TestWeatherV3Tests.xctest */;
			productType = "com.apple.product-type.bundle.unit-test";
		};
		7429E3A722CA500300BCAC11 /* TestWeatherV3UITests */ = {
			isa = PBXNativeTarget;
			buildConfigurationList = 7429E3B722CA500300BCAC11 /* Build configuration list for PBXNativeTarget "TestWeatherV3UITests" */;
			buildPhases = (
				7429E3A422CA500300BCAC11 /* Sources */,
				7429E3A522CA500300BCAC11 /* Frameworks */,
				7429E3A622CA500300BCAC11 /* Resources */,
			);
			buildRules = (
			);
			dependencies = (
				7429E3AA22CA500300BCAC11 /* PBXTargetDependency */,
			);
			name = TestWeatherV3UITests;
			productName = TestWeatherV3UITests;
			productReference = 7429E3A822CA500300BCAC11 /* TestWeatherV3UITests.xctest */;
			productType = "com.apple.product-type.bundle.ui-testing";
		};
/* End PBXNativeTarget section */

/* Begin PBXProject section */
		7429E37E22CA500000BCAC11 /* Project object */ = {
			isa = PBXProject;
			attributes = {
				LastSwiftUpdateCheck = 1020;
				LastUpgradeCheck = 1020;
				ORGANIZATIONNAME = "Денис Ефремов";
				TargetAttributes = {
					7429E38522CA500000BCAC11 = {
						CreatedOnToolsVersion = 10.2.1;
					};
					7429E39C22CA500300BCAC11 = {
						CreatedOnToolsVersion = 10.2.1;
						TestTargetID = 7429E38522CA500000BCAC11;
					};
					7429E3A722CA500300BCAC11 = {
						CreatedOnToolsVersion = 10.2.1;
						TestTargetID = 7429E38522CA500000BCAC11;
					};
				};
			};
			buildConfigurationList = 7429E38122CA500000BCAC11 /* Build configuration list for PBXProject "TestWeatherV3" */;
			compatibilityVersion = "Xcode 9.3";
			developmentRegion = en;
			hasScannedForEncodings = 0;
			knownRegions = (
				en,
				Base,
			);
			mainGroup = 7429E37D22CA500000BCAC11;
			productRefGroup = 7429E38722CA500000BCAC11 /* Products */;
			projectDirPath = "";
			projectRoot = "";
			targets = (
				7429E38522CA500000BCAC11 /* TestWeatherV3 */,
				7429E39C22CA500300BCAC11 /* TestWeatherV3Tests */,
				7429E3A722CA500300BCAC11 /* TestWeatherV3UITests */,
			);
		};
/* End PBXProject section */

/* Begin PBXResourcesBuildPhase section */
		7429E38422CA500000BCAC11 /* Resources */ = {
			isa = PBXResourcesBuildPhase;
			buildActionMask = 2147483647;
			files = (
				7429E39722CA500200BCAC11 /* LaunchScreen.storyboard in Resources */,
				7429E39422CA500200BCAC11 /* Assets.xcassets in Resources */,
				7429E38F22CA500000BCAC11 /* Main.storyboard in Resources */,
			);
			runOnlyForDeploymentPostprocessing = 0;
		};
		7429E39B22CA500300BCAC11 /* Resources */ = {
			isa = PBXResourcesBuildPhase;
			buildActionMask = 2147483647;
			files = (
			);
			runOnlyForDeploymentPostprocessing = 0;
		};
		7429E3A622CA500300BCAC11 /* Resources */ = {
			isa = PBXResourcesBuildPhase;
			buildActionMask = 2147483647;
			files = (
			);
			runOnlyForDeploymentPostprocessing = 0;
		};
/* End PBXResourcesBuildPhase section */

/* Begin PBXSourcesBuildPhase section */
		7429E38222CA500000BCAC11 /* Sources */ = {
			isa = PBXSourcesBuildPhase;
			buildActionMask = 2147483647;
			files = (
				7429E39222CA500000BCAC11 /* TestWeatherV3.xcdatamodeld in Sources */,
				7429E38C22CA500000BCAC11 /* ViewController.swift in Sources */,
				7429E38A22CA500000BCAC11 /* AppDelegate.swift in Sources */,
			);
			runOnlyForDeploymentPostprocessing = 0;
		};
		7429E39922CA500300BCAC11 /* Sources */ = {
			isa = PBXSourcesBuildPhase;
			buildActionMask = 2147483647;
			files = (
				7429E3A222CA500300BCAC11 /* TestWeatherV3Tests.swift in Sources */,
			);
			runOnlyForDeploymentPostprocessing = 0;
		};
		7429E3A422CA500300BCAC11 /* Sources */ = {
			isa = PBXSourcesBuildPhase;
			buildActionMask = 2147483647;
			files = (
				7429E3AD22CA500300BCAC11 /* TestWeatherV3UITests.swift in Sources */,
			);
			runOnlyForDeploymentPostprocessing = 0;
		};
/* End PBXSourcesBuildPhase section */

/* Begin PBXTargetDependency section */
		7429E39F22CA500300BCAC11 /* PBXTargetDependency */ = {
			isa = PBXTargetDependency;
			target = 7429E38522CA500000BCAC11 /* TestWeatherV3 */;
			targetProxy = 7429E39E22CA500300BCAC11 /* PBXContainerItemProxy */;
		};
		7429E3AA22CA500300BCAC11 /* PBXTargetDependency */ = {
			isa = PBXTargetDependency;
			target = 7429E38522CA500000BCAC11 /* TestWeatherV3 */;
			targetProxy = 7429E3A922CA500300BCAC11 /* PBXContainerItemProxy */;
		};
/* End PBXTargetDependency section */

/* Begin PBXVariantGroup section */
		7429E38D22CA500000BCAC11 /* Main.storyboard */ = {
			isa = PBXVariantGroup;
			children = (
				7429E38E22CA500000BCAC11 /* Base */,
			);
			name = Main.storyboard;
			sourceTree = "<group>";
		};
		7429E39522CA500200BCAC11 /* LaunchScreen.storyboard */ = {
			isa = PBXVariantGroup;
			children = (
				7429E39622CA500200BCAC11 /* Base */,
			);
			name = LaunchScreen.storyboard;
			sourceTree = "<group>";
		};
/* End PBXVariantGroup section */

/* Begin XCBuildConfiguration section */
		7429E3AF22CA500300BCAC11 /* Debug */ = {
			isa = XCBuildConfiguration;
			buildSettings = {
				ALWAYS_SEARCH_USER_PATHS = NO;
				CLANG_ANALYZER_NONNULL = YES;
				CLANG_ANALYZER_NUMBER_OBJECT_CONVERSION = YES_AGGRESSIVE;
				CLANG_CXX_LANGUAGE_STANDARD = "gnu++14";
				CLANG_CXX_LIBRARY = "libc++";
				CLANG_ENABLE_MODULES = YES;
				CLANG_ENABLE_OBJC_ARC = YES;
				CLANG_ENABLE_OBJC_WEAK = YES;
				CLANG_WARN_BLOCK_CAPTURE_AUTORELEASING = YES;
				CLANG_WARN_BOOL_CONVERSION = YES;
				CLANG_WARN_COMMA = YES;
				CLANG_WARN_CONSTANT_CONVERSION = YES;
				CLANG_WARN_DEPRECATED_OBJC_IMPLEMENTATIONS = YES;
				CLANG_WARN_DIRECT_OBJC_ISA_USAGE = YES_ERROR;
				CLANG_WARN_DOCUMENTATION_COMMENTS = YES;
				CLANG_WARN_EMPTY_BODY = YES;
				CLANG_WARN_ENUM_CONVERSION = YES;
				CLANG_WARN_INFINITE_RECURSION = YES;
				CLANG_WARN_INT_CONVERSION = YES;
				CLANG_WARN_NON_LITERAL_NULL_CONVERSION = YES;
				CLANG_WARN_OBJC_IMPLICIT_RETAIN_SELF = YES;
				CLANG_WARN_OBJC_LITERAL_CONVERSION = YES;
				CLANG_WARN_OBJC_ROOT_CLASS = YES_ERROR;
				CLANG_WARN_RANGE_LOOP_ANALYSIS = YES;
				CLANG_WARN_STRICT_PROTOTYPES = YES;
				CLANG_WARN_SUSPICIOUS_MOVE = YES;
				CLANG_WARN_UNGUARDED_AVAILABILITY = YES_AGGRESSIVE;
				CLANG_WARN_UNREACHABLE_CODE = YES;
				CLANG_WARN__DUPLICATE_METHOD_MATCH = YES;
				CODE_SIGN_IDENTITY = "iPhone Developer";
				COPY_PHASE_STRIP = NO;
				DEBUG_INFORMATION_FORMAT = dwarf;
				ENABLE_STRICT_OBJC_MSGSEND = YES;
				ENABLE_TESTABILITY = YES;
				GCC_C_LANGUAGE_STANDARD = gnu11;
				GCC_DYNAMIC_NO_PIC = NO;
				GCC_NO_COMMON_BLOCKS = YES;
				GCC_OPTIMIZATION_LEVEL = 0;
				GCC_PREPROCESSOR_DEFINITIONS = (
					"DEBUG=1",
					"$(inherited)",
				);
				GCC_WARN_64_TO_32_BIT_CONVERSION = YES;
				GCC_WARN_ABOUT_RETURN_TYPE = YES_ERROR;
				GCC_WARN_UNDECLARED_SELECTOR = YES;
				GCC_WARN_UNINITIALIZED_AUTOS = YES_AGGRESSIVE;
				GCC_WARN_UNUSED_FUNCTION = YES;
				GCC_WARN_UNUSED_VARIABLE = YES;
				IPHONEOS_DEPLOYMENT_TARGET = 12.2;
				MTL_ENABLE_DEBUG_INFO = INCLUDE_SOURCE;
				MTL_FAST_MATH = YES;
				ONLY_ACTIVE_ARCH = YES;
				SDKROOT = iphoneos;
				SWIFT_ACTIVE_COMPILATION_CONDITIONS = DEBUG;
				SWIFT_OPTIMIZATION_LEVEL = "-Onone";
			};
			name = Debug;
		};
		7429E3B022CA500300BCAC11 /* Release */ = {
			isa = XCBuildConfiguration;
			buildSettings = {
				ALWAYS_SEARCH_USER_PATHS = NO;
				CLANG_ANALYZER_NONNULL = YES;
				CLANG_ANALYZER_NUMBER_OBJECT_CONVERSION = YES_AGGRESSIVE;
				CLANG_CXX_LANGUAGE_STANDARD = "gnu++14";
				CLANG_CXX_LIBRARY = "libc++";
				CLANG_ENABLE_MODULES = YES;
				CLANG_ENABLE_OBJC_ARC = YES;
				CLANG_ENABLE_OBJC_WEAK = YES;
				CLANG_WARN_BLOCK_CAPTURE_AUTORELEASING = YES;
				CLANG_WARN_BOOL_CONVERSION = YES;
				CLANG_WARN_COMMA = YES;
				CLANG_WARN_CONSTANT_CONVERSION = YES;
				CLANG_WARN_DEPRECATED_OBJC_IMPLEMENTATIONS = YES;
				CLANG_WARN_DIRECT_OBJC_ISA_USAGE = YES_ERROR;
				CLANG_WARN_DOCUMENTATION_COMMENTS = YES;
				CLANG_WARN_EMPTY_BODY = YES;
				CLANG_WARN_ENUM_CONVERSION = YES;
				CLANG_WARN_INFINITE_RECURSION = YES;
				CLANG_WARN_INT_CONVERSION = YES;
				CLANG_WARN_NON_LITERAL_NULL_CONVERSION = YES;
				CLANG_WARN_OBJC_IMPLICIT_RETAIN_SELF = YES;
				CLANG_WARN_OBJC_LITERAL_CONVERSION = YES;
				CLANG_WARN_OBJC_ROOT_CLASS = YES_ERROR;
				CLANG_WARN_RANGE_LOOP_ANALYSIS = YES;
				CLANG_WARN_STRICT_PROTOTYPES = YES;
				CLANG_WARN_SUSPICIOUS_MOVE = YES;
				CLANG_WARN_UNGUARDED_AVAILABILITY = YES_AGGRESSIVE;
				CLANG_WARN_UNREACHABLE_CODE = YES;
				CLANG_WARN__DUPLICATE_METHOD_MATCH = YES;
				CODE_SIGN_IDENTITY = "iPhone Developer";
				COPY_PHASE_STRIP = NO;
				DEBUG_INFORMATION_FORMAT = "dwarf-with-dsym";
				ENABLE_NS_ASSERTIONS = NO;
				ENABLE_STRICT_OBJC_MSGSEND = YES;
				GCC_C_LANGUAGE_STANDARD = gnu11;
				GCC_NO_COMMON_BLOCKS = YES;
				GCC_WARN_64_TO_32_BIT_CONVERSION = YES;
				GCC_WARN_ABOUT_RETURN_TYPE = YES_ERROR;
				GCC_WARN_UNDECLARED_SELECTOR = YES;
				GCC_WARN_UNINITIALIZED_AUTOS = YES_AGGRESSIVE;
				GCC_WARN_UNUSED_FUNCTION = YES;
				GCC_WARN_UNUSED_VARIABLE = YES;
				IPHONEOS_DEPLOYMENT_TARGET = 12.2;
				MTL_ENABLE_DEBUG_INFO = NO;
				MTL_FAST_MATH = YES;
				SDKROOT = iphoneos;
				SWIFT_COMPILATION_MODE = wholemodule;
				SWIFT_OPTIMIZATION_LEVEL = "-O";
				VALIDATE_PRODUCT = YES;
			};
			name = Release;
		};
		7429E3B222CA500300BCAC11 /* Debug */ = {
			isa = XCBuildConfiguration;
			buildSettings = {
				ASSETCATALOG_COMPILER_APPICON_NAME = AppIcon;
				CODE_SIGN_STYLE = Automatic;
				DEVELOPMENT_TEAM = YNXC5CY44T;
				INFOPLIST_FILE = TestWeatherV3/Info.plist;
				LD_RUNPATH_SEARCH_PATHS = (
					"$(inherited)",
					"@executable_path/Frameworks",
				);
				PRODUCT_BUNDLE_IDENTIFIER = TW.TestWeatherV3;
				PRODUCT_NAME = "$(TARGET_NAME)";
				SWIFT_VERSION = 5.0;
				TARGETED_DEVICE_FAMILY = "1,2";
			};
			name = Debug;
		};
		7429E3B322CA500300BCAC11 /* Release */ = {
			isa = XCBuildConfiguration;
			buildSettings = {
				ASSETCATALOG_COMPILER_APPICON_NAME = AppIcon;
				CODE_SIGN_STYLE = Automatic;
				DEVELOPMENT_TEAM = YNXC5CY44T;
				INFOPLIST_FILE = TestWeatherV3/Info.plist;
				LD_RUNPATH_SEARCH_PATHS = (
					"$(inherited)",
					"@executable_path/Frameworks",
				);
				PRODUCT_BUNDLE_IDENTIFIER = TW.TestWeatherV3;
				PRODUCT_NAME = "$(TARGET_NAME)";
				SWIFT_VERSION = 5.0;
				TARGETED_DEVICE_FAMILY = "1,2";
			};
			name = Release;
		};
		7429E3B522CA500300BCAC11 /* Debug */ = {
			isa = XCBuildConfiguration;
			buildSettings = {
				ALWAYS_EMBED_SWIFT_STANDARD_LIBRARIES = YES;
				BUNDLE_LOADER = "$(TEST_HOST)";
				CODE_SIGN_STYLE = Automatic;
				DEVELOPMENT_TEAM = YNXC5CY44T;
				INFOPLIST_FILE = TestWeatherV3Tests/Info.plist;
				LD_RUNPATH_SEARCH_PATHS = (
					"$(inherited)",
					"@executable_path/Frameworks",
					"@loader_path/Frameworks",
				);
				PRODUCT_BUNDLE_IDENTIFIER = TW.TestWeatherV3Tests;
				PRODUCT_NAME = "$(TARGET_NAME)";
				SWIFT_VERSION = 5.0;
				TARGETED_DEVICE_FAMILY = "1,2";
				TEST_HOST = "$(BUILT_PRODUCTS_DIR)/TestWeatherV3.app/TestWeatherV3";
			};
			name = Debug;
		};
		7429E3B622CA500300BCAC11 /* Release */ = {
			isa = XCBuildConfiguration;
			buildSettings = {
				ALWAYS_EMBED_SWIFT_STANDARD_LIBRARIES = YES;
				BUNDLE_LOADER = "$(TEST_HOST)";
				CODE_SIGN_STYLE = Automatic;
				DEVELOPMENT_TEAM = YNXC5CY44T;
				INFOPLIST_FILE = TestWeatherV3Tests/Info.plist;
				LD_RUNPATH_SEARCH_PATHS = (
					"$(inherited)",
					"@executable_path/Frameworks",
					"@loader_path/Frameworks",
				);
				PRODUCT_BUNDLE_IDENTIFIER = TW.TestWeatherV3Tests;
				PRODUCT_NAME = "$(TARGET_NAME)";
				SWIFT_VERSION = 5.0;
				TARGETED_DEVICE_FAMILY = "1,2";
				TEST_HOST = "$(BUILT_PRODUCTS_DIR)/TestWeatherV3.app/TestWeatherV3";
			};
			name = Release;
		};
		7429E3B822CA500300BCAC11 /* Debug */ = {
			isa = XCBuildConfiguration;
			buildSettings = {
				ALWAYS_EMBED_SWIFT_STANDARD_LIBRARIES = YES;
				CODE_SIGN_STYLE = Automatic;
				DEVELOPMENT_TEAM = YNXC5CY44T;
				INFOPLIST_FILE = TestWeatherV3UITests/Info.plist;
				LD_RUNPATH_SEARCH_PATHS = (
					"$(inherited)",
					"@executable_path/Frameworks",
					"@loader_path/Frameworks",
				);
				PRODUCT_BUNDLE_IDENTIFIER = TW.TestWeatherV3UITests;
				PRODUCT_NAME = "$(TARGET_NAME)";
				SWIFT_VERSION = 5.0;
				TARGETED_DEVICE_FAMILY = "1,2";
				TEST_TARGET_NAME = TestWeatherV3;
			};
			name = Debug;
		};
		7429E3B922CA500300BCAC11 /* Release */ = {
			isa = XCBuildConfiguration;
			buildSettings = {
				ALWAYS_EMBED_SWIFT_STANDARD_LIBRARIES = YES;
				CODE_SIGN_STYLE = Automatic;
				DEVELOPMENT_TEAM = YNXC5CY44T;
				INFOPLIST_FILE = TestWeatherV3UITests/Info.plist;
				LD_RUNPATH_SEARCH_PATHS = (
					"$(inherited)",
					"@executable_path/Frameworks",
					"@loader_path/Frameworks",
				);
				PRODUCT_BUNDLE_IDENTIFIER = TW.TestWeatherV3UITests;
				PRODUCT_NAME = "$(TARGET_NAME)";
				SWIFT_VERSION = 5.0;
				TARGETED_DEVICE_FAMILY = "1,2";
				TEST_TARGET_NAME = TestWeatherV3;
			};
			name = Release;
		};
/* End XCBuildConfiguration section */

/* Begin XCConfigurationList section */
		7429E38122CA500000BCAC11 /* Build configuration list for PBXProject "TestWeatherV3" */ = {
			isa = XCConfigurationList;
			buildConfigurations = (
				7429E3AF22CA500300BCAC11 /* Debug */,
				7429E3B022CA500300BCAC11 /* Release */,
			);
			defaultConfigurationIsVisible = 0;
			defaultConfigurationName = Release;
		};
		7429E3B122CA500300BCAC11 /* Build configuration list for PBXNativeTarget "TestWeatherV3" */ = {
			isa = XCConfigurationList;
			buildConfigurations = (
				7429E3B222CA500300BCAC11 /* Debug */,
				7429E3B322CA500300BCAC11 /* Release */,
			);
			defaultConfigurationIsVisible = 0;
			defaultConfigurationName = Release;
		};
		7429E3B422CA500300BCAC11 /* Build configuration list for PBXNativeTarget "TestWeatherV3Tests" */ = {
			isa = XCConfigurationList;
			buildConfigurations = (
				7429E3B522CA500300BCAC11 /* Debug */,
				7429E3B622CA500300BCAC11 /* Release */,
			);
			defaultConfigurationIsVisible = 0;
			defaultConfigurationName = Release;
		};
		7429E3B722CA500300BCAC11 /* Build configuration list for PBXNativeTarget "TestWeatherV3UITests" */ = {
			isa = XCConfigurationList;
			buildConfigurations = (
				7429E3B822CA500300BCAC11 /* Debug */,
				7429E3B922CA500300BCAC11 /* Release */,
			);
			defaultConfigurationIsVisible = 0;
			defaultConfigurationName = Release;
		};
/* End XCConfigurationList section */

/* Begin XCVersionGroup section */
		7429E39022CA500000BCAC11 /* TestWeatherV3.xcdatamodeld */ = {
			isa = XCVersionGroup;
			children = (
				7429E39122CA500000BCAC11 /* TestWeatherV3.xcdatamodel */,
			);
			currentVersion = 7429E39122CA500000BCAC11 /* TestWeatherV3.xcdatamodel */;
			path = TestWeatherV3.xcdatamodeld;
			sourceTree = "<group>";
			versionGroupType = wrapper.xcdatamodel;
		};
/* End XCVersionGroup section */
	};
	rootObject = 7429E37E22CA500000BCAC11 /* Project object */;
}
