PODS:
  - Alamofire (5.0.0-beta.6)

DEPENDENCIES:
  - Alamofire (~> 5.0.0-beta.5)

SPEC REPOS:
  https://github.com/cocoapods/specs.git:
    - Alamofire

SPEC CHECKSUMS:
  Alamofire: cd08a4402bd12cacd0c66f23fb12fec8d6b965e4

PODFILE CHECKSUM: 41bc7040ce0f7fbb0f13eb557f689d6dc1fea3d4

COCOAPODS: 1.6.1
